{
  "name": "exb-widget",
  "lockfileVersion": 3,
  "requires": true,
  "packages": {
    "": {
      "name": "exb-widget",
      "dependencies": {
        "basic-lit-component": "file:../basic-lit-component"
      }
    },
    "../basic-lit-component": {
      "version": "0.0.0",
      "license": "MIT",
      "dependencies": {
        "@arcgis/core-adapter": "^4.34.9",
        "lit": "^3.1.4"
      },
      "devDependencies": {
        "@custom-elements-manifest/analyzer": "^0.10.3",
        "@web/dev-server": "^0.4.6",
        "concurrently": "^8.2.2",
        "tslib": "^2.6.3",
        "typescript": "^5.5.3"
      }
    },
    "node_modules/basic-lit-component": {
      "resolved": "../basic-lit-component",
      "link": true
    }
  }
}
